
Microsoft Visual Studio Solution File, Format Version 12.00
# Visual Studio 15
VisualStudioVersion = 15.0.28307.489
MinimumVisualStudioVersion = 10.0.40219.1
Project("{FAE04EC0-301F-11D3-BF4B-00C04F79EFBC}") = "manhua", "manhua\manhua.csproj", "{74064975-770E-4729-AA84-DED7AB6230FB}"
EndProject
Global
	GlobalSection(SolutionConfigurationPlatforms) = preSolution
		Debug|Any CPU = Debug|Any CPU
		Release|Any CPU = Release|Any CPU
	EndGlobalSection
	GlobalSection(ProjectConfigurationPlatforms) = postSolution
		{74064975-770E-4729-AA84-DED7AB6230FB}.Debug|Any CPU.ActiveCfg = Debug|Any CPU
		{74064975-770E-4729-AA84-DED7AB6230FB}.Debug|Any CPU.Build.0 = Debug|Any CPU
		{74064975-770E-4729-AA84-DED7AB6230FB}.Release|Any CPU.ActiveCfg = Release|Any CPU
		{74064975-770E-4729-AA84-DED7AB6230FB}.Release|Any CPU.Build.0 = Release|Any CPU
	EndGlobalSection
	GlobalSection(SolutionProperties) = preSolution
		HideSolutionNode = FALSE
	EndGlobalSection
	GlobalSection(ExtensibilityGlobals) = postSolution
		SolutionGuid = {C637BDCF-BB59-4BB6-B141-C8DC8B69B779}
	EndGlobalSection
EndGlobal
